
Microsoft Visual Studio Solution File, Format Version 12.00
# Visual Studio Version 17
VisualStudioVersion = 17.14.36518.9 d17.14
MinimumVisualStudioVersion = 10.0.40219.1
Project("{FAE04EC0-301F-11D3-BF4B-00C04F79EFBC}") = "ZooPark", "ZooPark.csproj", "{AE01454E-C6CC-42E0-809A-464037988D12}"
EndProject
Global
	GlobalSection(SolutionConfigurationPlatforms) = preSolution
		Debug|Any CPU = Debug|Any CPU
		Release|Any CPU = Release|Any CPU
	EndGlobalSection
	GlobalSection(ProjectConfigurationPlatforms) = postSolution
		{AE01454E-C6CC-42E0-809A-464037988D12}.Debug|Any CPU.ActiveCfg = Debug|Any CPU
		{AE01454E-C6CC-42E0-809A-464037988D12}.Debug|Any CPU.Build.0 = Debug|Any CPU
		{AE01454E-C6CC-42E0-809A-464037988D12}.Release|Any CPU.ActiveCfg = Release|Any CPU
		{AE01454E-C6CC-42E0-809A-464037988D12}.Release|Any CPU.Build.0 = Release|Any CPU
	EndGlobalSection
	GlobalSection(SolutionProperties) = preSolution
		HideSolutionNode = FALSE
	EndGlobalSection
	GlobalSection(ExtensibilityGlobals) = postSolution
		SolutionGuid = {E8F7408E-0DF2-4067-9885-4FD1C5411720}
	EndGlobalSection
EndGlobal
